
Microsoft Visual Studio Solution File, Format Version 12.00
# Visual Studio Version 16
VisualStudioVersion = 16.0.31515.178
MinimumVisualStudioVersion = 10.0.40219.1
Project("{FAE04EC0-301F-11D3-BF4B-00C04F79EFBC}") = "Paisa", "Paisa\Paisa.csproj", "{6A6B6BE5-C2E3-4E99-8588-A23785C4EEBB}"
EndProject
Global
	GlobalSection(SolutionConfigurationPlatforms) = preSolution
		Debug|Any CPU = Debug|Any CPU
		Release|Any CPU = Release|Any CPU
	EndGlobalSection
	GlobalSection(ProjectConfigurationPlatforms) = postSolution
		{6A6B6BE5-C2E3-4E99-8588-A23785C4EEBB}.Debug|Any CPU.ActiveCfg = Debug|Any CPU
		{6A6B6BE5-C2E3-4E99-8588-A23785C4EEBB}.Debug|Any CPU.Build.0 = Debug|Any CPU
		{6A6B6BE5-C2E3-4E99-8588-A23785C4EEBB}.Release|Any CPU.ActiveCfg = Release|Any CPU
		{6A6B6BE5-C2E3-4E99-8588-A23785C4EEBB}.Release|Any CPU.Build.0 = Release|Any CPU
	EndGlobalSection
	GlobalSection(SolutionProperties) = preSolution
		HideSolutionNode = FALSE
	EndGlobalSection
	GlobalSection(ExtensibilityGlobals) = postSolution
		SolutionGuid = {AB09D4AA-DD6C-41D2-89BD-5642553018A6}
	EndGlobalSection
EndGlobal
